// !$*UTF8*$!
{
	archiveVersion = 1;
	classes = {
	};
	objectVersion = 50;
	objects = {

/* Begin PBXBuildFile section */
		6C30199321530977000AC46C /* AppDelegate.swift in Sources */ = {isa = PBXBuildFile; fileRef = 6C30199221530977000AC46C /* AppDelegate.swift */; };
		6C30199521530977000AC46C /* ViewController.swift in Sources */ = {isa = PBXBuildFile; fileRef = 6C30199421530977000AC46C /* ViewController.swift */; };
		6C30199821530977000AC46C /* Main.storyboard in Resources */ = {isa = PBXBuildFile; fileRef = 6C30199621530977000AC46C /* Main.storyboard */; };
		6C30199A21530978000AC46C /* Assets.xcassets in Resources */ = {isa = PBXBuildFile; fileRef = 6C30199921530978000AC46C /* Assets.xcassets */; };
		6C30199D21530978000AC46C /* LaunchScreen.storyboard in Resources */ = {isa = PBXBuildFile; fileRef = 6C30199B21530978000AC46C /* LaunchScreen.storyboard */; };
		6C3019A821530978000AC46C /* GitHub_ExampleTests.swift in Sources */ = {isa = PBXBuildFile; fileRef = 6C3019A721530978000AC46C /* GitHub_ExampleTests.swift */; };
		6C3019B321530978000AC46C /* GitHub_ExampleUITests.swift in Sources */ = {isa = PBXBuildFile; fileRef = 6C3019B221530978000AC46C /* GitHub_ExampleUITests.swift */; };
/* End PBXBuildFile section */

/* Begin PBXContainerItemProxy section */
		6C3019A421530978000AC46C /* PBXContainerItemProxy */ = {
			isa = PBXContainerItemProxy;
			containerPortal = 6C30198721530977000AC46C /* Project object */;
			proxyType = 1;
			remoteGlobalIDString = 6C30198E21530977000AC46C;
			remoteInfo = "GitHub Example";
		};
		6C3019AF21530978000AC46C /* PBXContainerItemProxy */ = {
			isa = PBXContainerItemProxy;
			containerPortal = 6C30198721530977000AC46C /* Project object */;
			proxyType = 1;
			remoteGlobalIDString = 6C30198E21530977000AC46C;
			remoteInfo = "GitHub Example";
		};
/* End PBXContainerItemProxy section */

/* Begin PBXFileReference section */
		6C30198F21530977000AC46C /* GitHub Example.app */ = {isa = PBXFileReference; explicitFileType = wrapper.application; includeInIndex = 0; path = "GitHub Example.app"; sourceTree = BUILT_PRODUCTS_DIR; };
		6C30199221530977000AC46C /* AppDelegate.swift */ = {isa = PBXFileReference; lastKnownFileType = sourcecode.swift; path = AppDelegate.swift; sourceTree = "<group>"; };
		6C30199421530977000AC46C /* ViewController.swift */ = {isa = PBXFileReference; lastKnownFileType = sourcecode.swift; path = ViewController.swift; sourceTree = "<group>"; };
		6C30199721530977000AC46C /* Base */ = {isa = PBXFileReference; lastKnownFileType = file.storyboard; name = Base; path = Base.lproj/Main.storyboard; sourceTree = "<group>"; };
		6C30199921530978000AC46C /* Assets.xcassets */ = {isa = PBXFileReference; lastKnownFileType = folder.assetcatalog; path = Assets.xcassets; sourceTree = "<group>"; };
		6C30199C21530978000AC46C /* Base */ = {isa = PBXFileReference; lastKnownFileType = file.storyboard; name = Base; path = Base.lproj/LaunchScreen.storyboard; sourceTree = "<group>"; };
		6C30199E21530978000AC46C /* Info.plist */ = {isa = PBXFileReference; lastKnownFileType = text.plist.xml; path = Info.plist; sourceTree = "<group>"; };
		6C3019A321530978000AC46C /* GitHub ExampleTests.xctest */ = {isa = PBXFileReference; explicitFileType = wrapper.cfbundle; includeInIndex = 0; path = "GitHub ExampleTests.xctest"; sourceTree = BUILT_PRODUCTS_DIR; };
		6C3019A721530978000AC46C /* GitHub_ExampleTests.swift */ = {isa = PBXFileReference; lastKnownFileType = sourcecode.swift; path = GitHub_ExampleTests.swift; sourceTree = "<group>"; };
		6C3019A921530978000AC46C /* Info.plist */ = {isa = PBXFileReference; lastKnownFileType = text.plist.xml; path = Info.plist; sourceTree = "<group>"; };
		6C3019AE21530978000AC46C /* GitHub ExampleUITests.xctest */ = {isa = PBXFileReference; explicitFileType = wrapper.cfbundle; includeInIndex = 0; path = "GitHub ExampleUITests.xctest"; sourceTree = BUILT_PRODUCTS_DIR; };
		6C3019B221530978000AC46C /* GitHub_ExampleUITests.swift */ = {isa = PBXFileReference; lastKnownFileType = sourcecode.swift; path = GitHub_ExampleUITests.swift; sourceTree = "<group>"; };
		6C3019B421530978000AC46C /* Info.plist */ = {isa = PBXFileReference; lastKnownFileType = text.plist.xml; path = Info.plist; sourceTree = "<group>"; };
/* End PBXFileReference section */

/* Begin PBXFrameworksBuildPhase section */
		6C30198C21530977000AC46C /* Frameworks */ = {
			isa = PBXFrameworksBuildPhase;
			buildActionMask = 2147483647;
			files = (
			);
			runOnlyForDeploymentPostprocessing = 0;
		};
		6C3019A021530978000AC46C /* Frameworks */ = {
			isa = PBXFrameworksBuildPhase;
			buildActionMask = 2147483647;
			files = (
			);
			runOnlyForDeploymentPostprocessing = 0;
		};
		6C3019AB21530978000AC46C /* Frameworks */ = {
			isa = PBXFrameworksBuildPhase;
			buildActionMask = 2147483647;
			files = (
			);
			runOnlyForDeploymentPostprocessing = 0;
		};
/* End PBXFrameworksBuildPhase section */

/* Begin PBXGroup section */
		6C30198621530977000AC46C = {
			isa = PBXGroup;
			children = (
				6C30199121530977000AC46C /* GitHub Example */,
				6C3019A621530978000AC46C /* GitHub ExampleTests */,
				6C3019B121530978000AC46C /* GitHub ExampleUITests */,
				6C30199021530977000AC46C /* Products */,
			);
			sourceTree = "<group>";
		};
		6C30199021530977000AC46C /* Products */ = {
			isa = PBXGroup;
			children = (
				6C30198F21530977000AC46C /* GitHub Example.app */,
				6C3019A321530978000AC46C /* GitHub ExampleTests.xctest */,
				6C3019AE21530978000AC46C /* GitHub ExampleUITests.xctest */,
			);
			name = Products;
			sourceTree = "<group>";
		};
		6C30199121530977000AC46C /* GitHub Example */ = {
			isa = PBXGroup;
			children = (
				6C30199221530977000AC46C /* AppDelegate.swift */,
				6C30199421530977000AC46C /* ViewController.swift */,
				6C30199621530977000AC46C /* Main.storyboard */,
				6C30199921530978000AC46C /* Assets.xcassets */,
				6C30199B21530978000AC46C /* LaunchScreen.storyboard */,
				6C30199E21530978000AC46C /* Info.plist */,
			);
			path = "GitHub Example";
			sourceTree = "<group>";
		};
		6C3019A621530978000AC46C /* GitHub ExampleTests */ = {
			isa = PBXGroup;
			children = (
				6C3019A721530978000AC46C /* GitHub_ExampleTests.swift */,
				6C3019A921530978000AC46C /* Info.plist */,
			);
			path = "GitHub ExampleTests";
			sourceTree = "<group>";
		};
		6C3019B121530978000AC46C /* GitHub ExampleUITests */ = {
			isa = PBXGroup;
			children = (
				6C3019B221530978000AC46C /* GitHub_ExampleUITests.swift */,
				6C3019B421530978000AC46C /* Info.plist */,
			);
			path = "GitHub ExampleUITests";
			sourceTree = "<group>";
		};
/* End PBXGroup section */

/* Begin PBXNativeTarget section */
		6C30198E21530977000AC46C /* GitHub Example */ = {
			isa = PBXNativeTarget;
			buildConfigurationList = 6C3019B721530978000AC46C /* Build configuration list for PBXNativeTarget "GitHub Example" */;
			buildPhases = (
				6C30198B21530977000AC46C /* Sources */,
				6C30198C21530977000AC46C /* Frameworks */,
				6C30198D21530977000AC46C /* Resources */,
			);
			buildRules = (
			);
			dependencies = (
			);
			name = "GitHub Example";
			productName = "GitHub Example";
			productReference = 6C30198F21530977000AC46C /* GitHub Example.app */;
			productType = "com.apple.product-type.application";
		};
		6C3019A221530978000AC46C /* GitHub ExampleTests */ = {
			isa = PBXNativeTarget;
			buildConfigurationList = 6C3019BA21530978000AC46C /* Build configuration list for PBXNativeTarget "GitHub ExampleTests" */;
			buildPhases = (
				6C30199F21530978000AC46C /* Sources */,
				6C3019A021530978000AC46C /* Frameworks */,
				6C3019A121530978000AC46C /* Resources */,
			);
			buildRules = (
			);
			dependencies = (
				6C3019A521530978000AC46C /* PBXTargetDependency */,
			);
			name = "GitHub ExampleTests";
			productName = "GitHub ExampleTests";
			productReference = 6C3019A321530978000AC46C /* GitHub ExampleTests.xctest */;
			productType = "com.apple.product-type.bundle.unit-test";
		};
		6C3019AD21530978000AC46C /* GitHub ExampleUITests */ = {
			isa = PBXNativeTarget;
			buildConfigurationList = 6C3019BD21530978000AC46C /* Build configuration list for PBXNativeTarget "GitHub ExampleUITests" */;
			buildPhases = (
				6C3019AA21530978000AC46C /* Sources */,
				6C3019AB21530978000AC46C /* Frameworks */,
				6C3019AC21530978000AC46C /* Resources */,
			);
			buildRules = (
			);
			dependencies = (
				6C3019B021530978000AC46C /* PBXTargetDependency */,
			);
			name = "GitHub ExampleUITests";
			productName = "GitHub ExampleUITests";
			productReference = 6C3019AE21530978000AC46C /* GitHub ExampleUITests.xctest */;
			productType = "com.apple.product-type.bundle.ui-testing";
		};
/* End PBXNativeTarget section */

/* Begin PBXProject section */
		6C30198721530977000AC46C /* Project object */ = {
			isa = PBXProject;
			attributes = {
				LastSwiftUpdateCheck = 1000;
				LastUpgradeCheck = 1000;
				ORGANIZATIONNAME = "Timeless Software";
				TargetAttributes = {
					6C30198E21530977000AC46C = {
						CreatedOnToolsVersion = 10.0;
					};
					6C3019A221530978000AC46C = {
						CreatedOnToolsVersion = 10.0;
						TestTargetID = 6C30198E21530977000AC46C;
					};
					6C3019AD21530978000AC46C = {
						CreatedOnToolsVersion = 10.0;
						TestTargetID = 6C30198E21530977000AC46C;
					};
				};
			};
			buildConfigurationList = 6C30198A21530977000AC46C /* Build configuration list for PBXProject "GitHub Example" */;
			compatibilityVersion = "Xcode 9.3";
			developmentRegion = en;
			hasScannedForEncodings = 0;
			knownRegions = (
				en,
				Base,
			);
			mainGroup = 6C30198621530977000AC46C;
			productRefGroup = 6C30199021530977000AC46C /* Products */;
			projectDirPath = "";
			projectRoot = "";
			targets = (
				6C30198E21530977000AC46C /* GitHub Example */,
				6C3019A221530978000AC46C /* GitHub ExampleTests */,
				6C3019AD21530978000AC46C /* GitHub ExampleUITests */,
			);
		};
/* End PBXProject section */

/* Begin PBXResourcesBuildPhase section */
		6C30198D21530977000AC46C /* Resources */ = {
			isa = PBXResourcesBuildPhase;
			buildActionMask = 2147483647;
			files = (
				6C30199D21530978000AC46C /* LaunchScreen.storyboard in Resources */,
				6C30199A21530978000AC46C /* Assets.xcassets in Resources */,
				6C30199821530977000AC46C /* Main.storyboard in Resources */,
			);
			runOnlyForDeploymentPostprocessing = 0;
		};
		6C3019A121530978000AC46C /* Resources */ = {
			isa = PBXResourcesBuildPhase;
			buildActionMask = 2147483647;
			files = (
			);
			runOnlyForDeploymentPostprocessing = 0;
		};
		6C3019AC21530978000AC46C /* Resources */ = {
			isa = PBXResourcesBuildPhase;
			buildActionMask = 2147483647;
			files = (
			);
			runOnlyForDeploymentPostprocessing = 0;
		};
/* End PBXResourcesBuildPhase section */

/* Begin PBXSourcesBuildPhase section */
		6C30198B21530977000AC46C /* Sources */ = {
			isa = PBXSourcesBuildPhase;
			buildActionMask = 2147483647;
			files = (
				6C30199521530977000AC46C /* ViewController.swift in Sources */,
				6C30199321530977000AC46C /* AppDelegate.swift in Sources */,
			);
			runOnlyForDeploymentPostprocessing = 0;
		};
		6C30199F21530978000AC46C /* Sources */ = {
			isa = PBXSourcesBuildPhase;
			buildActionMask = 2147483647;
			files = (
				6C3019A821530978000AC46C /* GitHub_ExampleTests.swift in Sources */,
			);
			runOnlyForDeploymentPostprocessing = 0;
		};
		6C3019AA21530978000AC46C /* Sources */ = {
			isa = PBXSourcesBuildPhase;
			buildActionMask = 2147483647;
			files = (
				6C3019B321530978000AC46C /* GitHub_ExampleUITests.swift in Sources */,
			);
			runOnlyForDeploymentPostprocessing = 0;
		};
/* End PBXSourcesBuildPhase section */

/* Begin PBXTargetDependency section */
		6C3019A521530978000AC46C /* PBXTargetDependency */ = {
			isa = PBXTargetDependency;
			target = 6C30198E21530977000AC46C /* GitHub Example */;
			targetProxy = 6C3019A421530978000AC46C /* PBXContainerItemProxy */;
		};
		6C3019B021530978000AC46C /* PBXTargetDependency */ = {
			isa = PBXTargetDependency;
			target = 6C30198E21530977000AC46C /* GitHub Example */;
			targetProxy = 6C3019AF21530978000AC46C /* PBXContainerItemProxy */;
		};
/* End PBXTargetDependency section */

/* Begin PBXVariantGroup section */
		6C30199621530977000AC46C /* Main.storyboard */ = {
			isa = PBXVariantGroup;
			children = (
				6C30199721530977000AC46C /* Base */,
			);
			name = Main.storyboard;
			sourceTree = "<group>";
		};
		6C30199B21530978000AC46C /* LaunchScreen.storyboard */ = {
			isa = PBXVariantGroup;
			children = (
				6C30199C21530978000AC46C /* Base */,
			);
			name = LaunchScreen.storyboard;
			sourceTree = "<group>";
		};
/* End PBXVariantGroup section */

/* Begin XCBuildConfiguration section */
		6C3019B521530978000AC46C /* Debug */ = {
			isa = XCBuildConfiguration;
			buildSettings = {
				ALWAYS_SEARCH_USER_PATHS = NO;
				CLANG_ANALYZER_NONNULL = YES;
				CLANG_ANALYZER_NUMBER_OBJECT_CONVERSION = YES_AGGRESSIVE;
				CLANG_CXX_LANGUAGE_STANDARD = "gnu++14";
				CLANG_CXX_LIBRARY = "libc++";
				CLANG_ENABLE_MODULES = YES;
				CLANG_ENABLE_OBJC_ARC = YES;
				CLANG_ENABLE_OBJC_WEAK = YES;
				CLANG_WARN_BLOCK_CAPTURE_AUTORELEASING = YES;
				CLANG_WARN_BOOL_CONVERSION = YES;
				CLANG_WARN_COMMA = YES;
				CLANG_WARN_CONSTANT_CONVERSION = YES;
				CLANG_WARN_DEPRECATED_OBJC_IMPLEMENTATIONS = YES;
				CLANG_WARN_DIRECT_OBJC_ISA_USAGE = YES_ERROR;
				CLANG_WARN_DOCUMENTATION_COMMENTS = YES;
				CLANG_WARN_EMPTY_BODY = YES;
				CLANG_WARN_ENUM_CONVERSION = YES;
				CLANG_WARN_INFINITE_RECURSION = YES;
				CLANG_WARN_INT_CONVERSION = YES;
				CLANG_WARN_NON_LITERAL_NULL_CONVERSION = YES;
				CLANG_WARN_OBJC_IMPLICIT_RETAIN_SELF = YES;
				CLANG_WARN_OBJC_LITERAL_CONVERSION = YES;
				CLANG_WARN_OBJC_ROOT_CLASS = YES_ERROR;
				CLANG_WARN_RANGE_LOOP_ANALYSIS = YES;
				CLANG_WARN_STRICT_PROTOTYPES = YES;
				CLANG_WARN_SUSPICIOUS_MOVE = YES;
				CLANG_WARN_UNGUARDED_AVAILABILITY = YES_AGGRESSIVE;
				CLANG_WARN_UNREACHABLE_CODE = YES;
				CLANG_WARN__DUPLICATE_METHOD_MATCH = YES;
				CODE_SIGN_IDENTITY = "iPhone Developer";
				COPY_PHASE_STRIP = NO;
				DEBUG_INFORMATION_FORMAT = dwarf;
				ENABLE_STRICT_OBJC_MSGSEND = YES;
				ENABLE_TESTABILITY = YES;
				GCC_C_LANGUAGE_STANDARD = gnu11;
				GCC_DYNAMIC_NO_PIC = NO;
				GCC_NO_COMMON_BLOCKS = YES;
				GCC_OPTIMIZATION_LEVEL = 0;
				GCC_PREPROCESSOR_DEFINITIONS = (
					"DEBUG=1",
					"$(inherited)",
				);
				GCC_WARN_64_TO_32_BIT_CONVERSION = YES;
				GCC_WARN_ABOUT_RETURN_TYPE = YES_ERROR;
				GCC_WARN_UNDECLARED_SELECTOR = YES;
				GCC_WARN_UNINITIALIZED_AUTOS = YES_AGGRESSIVE;
				GCC_WARN_UNUSED_FUNCTION = YES;
				GCC_WARN_UNUSED_VARIABLE = YES;
				IPHONEOS_DEPLOYMENT_TARGET = 12.0;
				MTL_ENABLE_DEBUG_INFO = INCLUDE_SOURCE;
				MTL_FAST_MATH = YES;
				ONLY_ACTIVE_ARCH = YES;
				SDKROOT = iphoneos;
				SWIFT_ACTIVE_COMPILATION_CONDITIONS = DEBUG;
				SWIFT_OPTIMIZATION_LEVEL = "-Onone";
			};
			name = Debug;
		};
		6C3019B621530978000AC46C /* Release */ = {
			isa = XCBuildConfiguration;
			buildSettings = {
				ALWAYS_SEARCH_USER_PATHS = NO;
				CLANG_ANALYZER_NONNULL = YES;
				CLANG_ANALYZER_NUMBER_OBJECT_CONVERSION = YES_AGGRESSIVE;
				CLANG_CXX_LANGUAGE_STANDARD = "gnu++14";
				CLANG_CXX_LIBRARY = "libc++";
				CLANG_ENABLE_MODULES = YES;
				CLANG_ENABLE_OBJC_ARC = YES;
				CLANG_ENABLE_OBJC_WEAK = YES;
				CLANG_WARN_BLOCK_CAPTURE_AUTORELEASING = YES;
				CLANG_WARN_BOOL_CONVERSION = YES;
				CLANG_WARN_COMMA = YES;
				CLANG_WARN_CONSTANT_CONVERSION = YES;
				CLANG_WARN_DEPRECATED_OBJC_IMPLEMENTATIONS = YES;
				CLANG_WARN_DIRECT_OBJC_ISA_USAGE = YES_ERROR;
				CLANG_WARN_DOCUMENTATION_COMMENTS = YES;
				CLANG_WARN_EMPTY_BODY = YES;
				CLANG_WARN_ENUM_CONVERSION = YES;
				CLANG_WARN_INFINITE_RECURSION = YES;
				CLANG_WARN_INT_CONVERSION = YES;
				CLANG_WARN_NON_LITERAL_NULL_CONVERSION = YES;
				CLANG_WARN_OBJC_IMPLICIT_RETAIN_SELF = YES;
				CLANG_WARN_OBJC_LITERAL_CONVERSION = YES;
				CLANG_WARN_OBJC_ROOT_CLASS = YES_ERROR;
				CLANG_WARN_RANGE_LOOP_ANALYSIS = YES;
				CLANG_WARN_STRICT_PROTOTYPES = YES;
				CLANG_WARN_SUSPICIOUS_MOVE = YES;
				CLANG_WARN_UNGUARDED_AVAILABILITY = YES_AGGRESSIVE;
				CLANG_WARN_UNREACHABLE_CODE = YES;
				CLANG_WARN__DUPLICATE_METHOD_MATCH = YES;
				CODE_SIGN_IDENTITY = "iPhone Developer";
				COPY_PHASE_STRIP = NO;
				DEBUG_INFORMATION_FORMAT = "dwarf-with-dsym";
				ENABLE_NS_ASSERTIONS = NO;
				ENABLE_STRICT_OBJC_MSGSEND = YES;
				GCC_C_LANGUAGE_STANDARD = gnu11;
				GCC_NO_COMMON_BLOCKS = YES;
				GCC_WARN_64_TO_32_BIT_CONVERSION = YES;
				GCC_WARN_ABOUT_RETURN_TYPE = YES_ERROR;
				GCC_WARN_UNDECLARED_SELECTOR = YES;
				GCC_WARN_UNINITIALIZED_AUTOS = YES_AGGRESSIVE;
				GCC_WARN_UNUSED_FUNCTION = YES;
				GCC_WARN_UNUSED_VARIABLE = YES;
				IPHONEOS_DEPLOYMENT_TARGET = 12.0;
				MTL_ENABLE_DEBUG_INFO = NO;
				MTL_FAST_MATH = YES;
				SDKROOT = iphoneos;
				SWIFT_COMPILATION_MODE = wholemodule;
				SWIFT_OPTIMIZATION_LEVEL = "-O";
				VALIDATE_PRODUCT = YES;
			};
			name = Release;
		};
		6C3019B821530978000AC46C /* Debug */ = {
			isa = XCBuildConfiguration;
			buildSettings = {
				ASSETCATALOG_COMPILER_APPICON_NAME = AppIcon;
				CODE_SIGN_STYLE = Automatic;
				DEVELOPMENT_TEAM = 5C867U2S65;
				INFOPLIST_FILE = "GitHub Example/Info.plist";
				LD_RUNPATH_SEARCH_PATHS = (
					"$(inherited)",
					"@executable_path/Frameworks",
				);
				PRODUCT_BUNDLE_IDENTIFIER = "TimelessSoftware.GitHub-Example";
				PRODUCT_NAME = "$(TARGET_NAME)";
				SWIFT_VERSION = 4.2;
				TARGETED_DEVICE_FAMILY = "1,2";
			};
			name = Debug;
		};
		6C3019B921530978000AC46C /* Release */ = {
			isa = XCBuildConfiguration;
			buildSettings = {
				ASSETCATALOG_COMPILER_APPICON_NAME = AppIcon;
				CODE_SIGN_STYLE = Automatic;
				DEVELOPMENT_TEAM = 5C867U2S65;
				INFOPLIST_FILE = "GitHub Example/Info.plist";
				LD_RUNPATH_SEARCH_PATHS = (
					"$(inherited)",
					"@executable_path/Frameworks",
				);
				PRODUCT_BUNDLE_IDENTIFIER = "TimelessSoftware.GitHub-Example";
				PRODUCT_NAME = "$(TARGET_NAME)";
				SWIFT_VERSION = 4.2;
				TARGETED_DEVICE_FAMILY = "1,2";
			};
			name = Release;
		};
		6C3019BB21530978000AC46C /* Debug */ = {
			isa = XCBuildConfiguration;
			buildSettings = {
				ALWAYS_EMBED_SWIFT_STANDARD_LIBRARIES = YES;
				BUNDLE_LOADER = "$(TEST_HOST)";
				CODE_SIGN_STYLE = Automatic;
				DEVELOPMENT_TEAM = 5C867U2S65;
				INFOPLIST_FILE = "GitHub ExampleTests/Info.plist";
				LD_RUNPATH_SEARCH_PATHS = (
					"$(inherited)",
					"@executable_path/Frameworks",
					"@loader_path/Frameworks",
				);
				PRODUCT_BUNDLE_IDENTIFIER = "TimelessSoftware.GitHub-ExampleTests";
				PRODUCT_NAME = "$(TARGET_NAME)";
				SWIFT_VERSION = 4.2;
				TARGETED_DEVICE_FAMILY = "1,2";
				TEST_HOST = "$(BUILT_PRODUCTS_DIR)/GitHub Example.app/GitHub Example";
			};
			name = Debug;
		};
		6C3019BC21530978000AC46C /* Release */ = {
			isa = XCBuildConfiguration;
			buildSettings = {
				ALWAYS_EMBED_SWIFT_STANDARD_LIBRARIES = YES;
				BUNDLE_LOADER = "$(TEST_HOST)";
				CODE_SIGN_STYLE = Automatic;
				DEVELOPMENT_TEAM = 5C867U2S65;
				INFOPLIST_FILE = "GitHub ExampleTests/Info.plist";
				LD_RUNPATH_SEARCH_PATHS = (
					"$(inherited)",
					"@executable_path/Frameworks",
					"@loader_path/Frameworks",
				);
				PRODUCT_BUNDLE_IDENTIFIER = "TimelessSoftware.GitHub-ExampleTests";
				PRODUCT_NAME = "$(TARGET_NAME)";
				SWIFT_VERSION = 4.2;
				TARGETED_DEVICE_FAMILY = "1,2";
				TEST_HOST = "$(BUILT_PRODUCTS_DIR)/GitHub Example.app/GitHub Example";
			};
			name = Release;
		};
		6C3019BE21530978000AC46C /* Debug */ = {
			isa = XCBuildConfiguration;
			buildSettings = {
				ALWAYS_EMBED_SWIFT_STANDARD_LIBRARIES = YES;
				CODE_SIGN_STYLE = Automatic;
				DEVELOPMENT_TEAM = 5C867U2S65;
				INFOPLIST_FILE = "GitHub ExampleUITests/Info.plist";
				LD_RUNPATH_SEARCH_PATHS = (
					"$(inherited)",
					"@executable_path/Frameworks",
					"@loader_path/Frameworks",
				);
				PRODUCT_BUNDLE_IDENTIFIER = "TimelessSoftware.GitHub-ExampleUITests";
				PRODUCT_NAME = "$(TARGET_NAME)";
				SWIFT_VERSION = 4.2;
				TARGETED_DEVICE_FAMILY = "1,2";
				TEST_TARGET_NAME = "GitHub Example";
			};
			name = Debug;
		};
		6C3019BF21530978000AC46C /* Release */ = {
			isa = XCBuildConfiguration;
			buildSettings = {
				ALWAYS_EMBED_SWIFT_STANDARD_LIBRARIES = YES;
				CODE_SIGN_STYLE = Automatic;
				DEVELOPMENT_TEAM = 5C867U2S65;
				INFOPLIST_FILE = "GitHub ExampleUITests/Info.plist";
				LD_RUNPATH_SEARCH_PATHS = (
					"$(inherited)",
					"@executable_path/Frameworks",
					"@loader_path/Frameworks",
				);
				PRODUCT_BUNDLE_IDENTIFIER = "TimelessSoftware.GitHub-ExampleUITests";
				PRODUCT_NAME = "$(TARGET_NAME)";
				SWIFT_VERSION = 4.2;
				TARGETED_DEVICE_FAMILY = "1,2";
				TEST_TARGET_NAME = "GitHub Example";
			};
			name = Release;
		};
/* End XCBuildConfiguration section */

/* Begin XCConfigurationList section */
		6C30198A21530977000AC46C /* Build configuration list for PBXProject "GitHub Example" */ = {
			isa = XCConfigurationList;
			buildConfigurations = (
				6C3019B521530978000AC46C /* Debug */,
				6C3019B621530978000AC46C /* Release */,
			);
			defaultConfigurationIsVisible = 0;
			defaultConfigurationName = Release;
		};
		6C3019B721530978000AC46C /* Build configuration list for PBXNativeTarget "GitHub Example" */ = {
			isa = XCConfigurationList;
			buildConfigurations = (
				6C3019B821530978000AC46C /* Debug */,
				6C3019B921530978000AC46C /* Release */,
			);
			defaultConfigurationIsVisible = 0;
			defaultConfigurationName = Release;
		};
		6C3019BA21530978000AC46C /* Build configuration list for PBXNativeTarget "GitHub ExampleTests" */ = {
			isa = XCConfigurationList;
			buildConfigurations = (
				6C3019BB21530978000AC46C /* Debug */,
				6C3019BC21530978000AC46C /* Release */,
			);
			defaultConfigurationIsVisible = 0;
			defaultConfigurationName = Release;
		};
		6C3019BD21530978000AC46C /* Build configuration list for PBXNativeTarget "GitHub ExampleUITests" */ = {
			isa = XCConfigurationList;
			buildConfigurations = (
				6C3019BE21530978000AC46C /* Debug */,
				6C3019BF21530978000AC46C /* Release */,
			);
			defaultConfigurationIsVisible = 0;
			defaultConfigurationName = Release;
		};
/* End XCConfigurationList section */
	};
	rootObject = 6C30198721530977000AC46C /* Project object */;
}
